// !$*UTF8*$!
{
	archiveVersion = 1;
	classes = {
	};
	objectVersion = 56;
	objects = {

/* Begin PBXBuildFile section */
		BCDCBC1429EE67B7002B88A9 /* AppDelegate.swift in Sources */ = {isa = PBXBuildFile; fileRef = BCDCBC1329EE67B7002B88A9 /* AppDelegate.swift */; };
		BCDCBC1629EE67B7002B88A9 /* SceneDelegate.swift in Sources */ = {isa = PBXBuildFile; fileRef = BCDCBC1529EE67B7002B88A9 /* SceneDelegate.swift */; };
		BCDCBC1B29EE67B7002B88A9 /* Main.storyboard in Resources */ = {isa = PBXBuildFile; fileRef = BCDCBC1929EE67B7002B88A9 /* Main.storyboard */; };
		BCDCBC1D29EE67B9002B88A9 /* Assets.xcassets in Resources */ = {isa = PBXBuildFile; fileRef = BCDCBC1C29EE67B9002B88A9 /* Assets.xcassets */; };
		BCDCBC2029EE67B9002B88A9 /* LaunchScreen.storyboard in Resources */ = {isa = PBXBuildFile; fileRef = BCDCBC1E29EE67B9002B88A9 /* LaunchScreen.storyboard */; };
		BCDCBC2829EE67F5002B88A9 /* FeedApps.swift in Sources */ = {isa = PBXBuildFile; fileRef = BCDCBC2729EE67F5002B88A9 /* FeedApps.swift */; };
		BCDCBC2A29EE6820002B88A9 /* AppsTableViewController.swift in Sources */ = {isa = PBXBuildFile; fileRef = BCDCBC2929EE6820002B88A9 /* AppsTableViewController.swift */; };
		BCDCBC2C29EE684C002B88A9 /* AppDetailViewController.swift in Sources */ = {isa = PBXBuildFile; fileRef = BCDCBC2B29EE684C002B88A9 /* AppDetailViewController.swift */; };
		BCDCBC2F29EE81F6002B88A9 /* Kingfisher in Frameworks */ = {isa = PBXBuildFile; productRef = BCDCBC2E29EE81F6002B88A9 /* Kingfisher */; };
		BCDCBC3129EE868F002B88A9 /* CustomerTableViewCell.swift in Sources */ = {isa = PBXBuildFile; fileRef = BCDCBC3029EE868F002B88A9 /* CustomerTableViewCell.swift */; };
		BCDCBC3329EFD8C4002B88A9 /* FeedSearchViewController.swift in Sources */ = {isa = PBXBuildFile; fileRef = BCDCBC3229EFD8C4002B88A9 /* FeedSearchViewController.swift */; };
/* End PBXBuildFile section */

/* Begin PBXFileReference section */
		BCDCBC1029EE67B7002B88A9 /* APPsRankingTableView.app */ = {isa = PBXFileReference; explicitFileType = wrapper.application; includeInIndex = 0; path = APPsRankingTableView.app; sourceTree = BUILT_PRODUCTS_DIR; };
		BCDCBC1329EE67B7002B88A9 /* AppDelegate.swift */ = {isa = PBXFileReference; lastKnownFileType = sourcecode.swift; path = AppDelegate.swift; sourceTree = "<group>"; };
		BCDCBC1529EE67B7002B88A9 /* SceneDelegate.swift */ = {isa = PBXFileReference; lastKnownFileType = sourcecode.swift; path = SceneDelegate.swift; sourceTree = "<group>"; };
		BCDCBC1A29EE67B7002B88A9 /* Base */ = {isa = PBXFileReference; lastKnownFileType = file.storyboard; name = Base; path = Base.lproj/Main.storyboard; sourceTree = "<group>"; };
		BCDCBC1C29EE67B9002B88A9 /* Assets.xcassets */ = {isa = PBXFileReference; lastKnownFileType = folder.assetcatalog; path = Assets.xcassets; sourceTree = "<group>"; };
		BCDCBC1F29EE67B9002B88A9 /* Base */ = {isa = PBXFileReference; lastKnownFileType = file.storyboard; name = Base; path = Base.lproj/LaunchScreen.storyboard; sourceTree = "<group>"; };
		BCDCBC2129EE67B9002B88A9 /* Info.plist */ = {isa = PBXFileReference; lastKnownFileType = text.plist.xml; path = Info.plist; sourceTree = "<group>"; };
		BCDCBC2729EE67F5002B88A9 /* FeedApps.swift */ = {isa = PBXFileReference; lastKnownFileType = sourcecode.swift; path = FeedApps.swift; sourceTree = "<group>"; };
		BCDCBC2929EE6820002B88A9 /* AppsTableViewController.swift */ = {isa = PBXFileReference; lastKnownFileType = sourcecode.swift; path = AppsTableViewController.swift; sourceTree = "<group>"; };
		BCDCBC2B29EE684C002B88A9 /* AppDetailViewController.swift */ = {isa = PBXFileReference; lastKnownFileType = sourcecode.swift; path = AppDetailViewController.swift; sourceTree = "<group>"; };
		BCDCBC3029EE868F002B88A9 /* CustomerTableViewCell.swift */ = {isa = PBXFileReference; lastKnownFileType = sourcecode.swift; path = CustomerTableViewCell.swift; sourceTree = "<group>"; };
		BCDCBC3229EFD8C4002B88A9 /* FeedSearchViewController.swift */ = {isa = PBXFileReference; lastKnownFileType = sourcecode.swift; path = FeedSearchViewController.swift; sourceTree = "<group>"; };
/* End PBXFileReference section */

/* Begin PBXFrameworksBuildPhase section */
		BCDCBC0D29EE67B7002B88A9 /* Frameworks */ = {
			isa = PBXFrameworksBuildPhase;
			buildActionMask = 2147483647;
			files = (
				BCDCBC2F29EE81F6002B88A9 /* Kingfisher in Frameworks */,
			);
			runOnlyForDeploymentPostprocessing = 0;
		};
/* End PBXFrameworksBuildPhase section */

/* Begin PBXGroup section */
		BCDCBC0729EE67B7002B88A9 = {
			isa = PBXGroup;
			children = (
				BCDCBC1229EE67B7002B88A9 /* APPsRankingTableView */,
				BCDCBC1129EE67B7002B88A9 /* Products */,
			);
			sourceTree = "<group>";
		};
		BCDCBC1129EE67B7002B88A9 /* Products */ = {
			isa = PBXGroup;
			children = (
				BCDCBC1029EE67B7002B88A9 /* APPsRankingTableView.app */,
			);
			name = Products;
			sourceTree = "<group>";
		};
		BCDCBC1229EE67B7002B88A9 /* APPsRankingTableView */ = {
			isa = PBXGroup;
			children = (
				BCDCBC1329EE67B7002B88A9 /* AppDelegate.swift */,
				BCDCBC1529EE67B7002B88A9 /* SceneDelegate.swift */,
				BCDCBC2729EE67F5002B88A9 /* FeedApps.swift */,
				BCDCBC2929EE6820002B88A9 /* AppsTableViewController.swift */,
				BCDCBC2B29EE684C002B88A9 /* AppDetailViewController.swift */,
				BCDCBC1929EE67B7002B88A9 /* Main.storyboard */,
				BCDCBC3229EFD8C4002B88A9 /* FeedSearchViewController.swift */,
				BCDCBC3029EE868F002B88A9 /* CustomerTableViewCell.swift */,
				BCDCBC1C29EE67B9002B88A9 /* Assets.xcassets */,
				BCDCBC1E29EE67B9002B88A9 /* LaunchScreen.storyboard */,
				BCDCBC2129EE67B9002B88A9 /* Info.plist */,
			);
			path = APPsRankingTableView;
			sourceTree = "<group>";
		};
/* End PBXGroup section */

/* Begin PBXNativeTarget section */
		BCDCBC0F29EE67B7002B88A9 /* APPsRankingTableView */ = {
			isa = PBXNativeTarget;
			buildConfigurationList = BCDCBC2429EE67B9002B88A9 /* Build configuration list for PBXNativeTarget "APPsRankingTableView" */;
			buildPhases = (
				BCDCBC0C29EE67B7002B88A9 /* Sources */,
				BCDCBC0D29EE67B7002B88A9 /* Frameworks */,
				BCDCBC0E29EE67B7002B88A9 /* Resources */,
			);
			buildRules = (
			);
			dependencies = (
			);
			name = APPsRankingTableView;
			packageProductDependencies = (
				BCDCBC2E29EE81F6002B88A9 /* Kingfisher */,
			);
			productName = APPsRankingTableView;
			productReference = BCDCBC1029EE67B7002B88A9 /* APPsRankingTableView.app */;
			productType = "com.apple.product-type.application";
		};
/* End PBXNativeTarget section */

/* Begin PBXProject section */
		BCDCBC0829EE67B7002B88A9 /* Project object */ = {
			isa = PBXProject;
			attributes = {
				BuildIndependentTargetsInParallel = 1;
				LastSwiftUpdateCheck = 1430;
				LastUpgradeCheck = 1430;
				TargetAttributes = {
					BCDCBC0F29EE67B7002B88A9 = {
						CreatedOnToolsVersion = 14.3;
					};
				};
			};
			buildConfigurationList = BCDCBC0B29EE67B7002B88A9 /* Build configuration list for PBXProject "APPsRankingTableView" */;
			compatibilityVersion = "Xcode 14.0";
			developmentRegion = en;
			hasScannedForEncodings = 0;
			knownRegions = (
				en,
				Base,
			);
			mainGroup = BCDCBC0729EE67B7002B88A9;
			packageReferences = (
				BCDCBC2D29EE81F6002B88A9 /* XCRemoteSwiftPackageReference "Kingfisher" */,
			);
			productRefGroup = BCDCBC1129EE67B7002B88A9 /* Products */;
			projectDirPath = "";
			projectRoot = "";
			targets = (
				BCDCBC0F29EE67B7002B88A9 /* APPsRankingTableView */,
			);
		};
/* End PBXProject section */

/* Begin PBXResourcesBuildPhase section */
		BCDCBC0E29EE67B7002B88A9 /* Resources */ = {
			isa = PBXResourcesBuildPhase;
			buildActionMask = 2147483647;
			files = (
				BCDCBC2029EE67B9002B88A9 /* LaunchScreen.storyboard in Resources */,
				BCDCBC1D29EE67B9002B88A9 /* Assets.xcassets in Resources */,
				BCDCBC1B29EE67B7002B88A9 /* Main.storyboard in Resources */,
			);
			runOnlyForDeploymentPostprocessing = 0;
		};
/* End PBXResourcesBuildPhase section */

/* Begin PBXSourcesBuildPhase section */
		BCDCBC0C29EE67B7002B88A9 /* Sources */ = {
			isa = PBXSourcesBuildPhase;
			buildActionMask = 2147483647;
			files = (
				BCDCBC3329EFD8C4002B88A9 /* FeedSearchViewController.swift in Sources */,
				BCDCBC2A29EE6820002B88A9 /* AppsTableViewController.swift in Sources */,
				BCDCBC2829EE67F5002B88A9 /* FeedApps.swift in Sources */,
				BCDCBC2C29EE684C002B88A9 /* AppDetailViewController.swift in Sources */,
				BCDCBC1429EE67B7002B88A9 /* AppDelegate.swift in Sources */,
				BCDCBC1629EE67B7002B88A9 /* SceneDelegate.swift in Sources */,
				BCDCBC3129EE868F002B88A9 /* CustomerTableViewCell.swift in Sources */,
			);
			runOnlyForDeploymentPostprocessing = 0;
		};
/* End PBXSourcesBuildPhase section */

/* Begin PBXVariantGroup section */
		BCDCBC1929EE67B7002B88A9 /* Main.storyboard */ = {
			isa = PBXVariantGroup;
			children = (
				BCDCBC1A29EE67B7002B88A9 /* Base */,
			);
			name = Main.storyboard;
			sourceTree = "<group>";
		};
		BCDCBC1E29EE67B9002B88A9 /* LaunchScreen.storyboard */ = {
			isa = PBXVariantGroup;
			children = (
				BCDCBC1F29EE67B9002B88A9 /* Base */,
			);
			name = LaunchScreen.storyboard;
			sourceTree = "<group>";
		};
/* End PBXVariantGroup section */

/* Begin XCBuildConfiguration section */
		BCDCBC2229EE67B9002B88A9 /* Debug */ = {
			isa = XCBuildConfiguration;
			buildSettings = {
				ALWAYS_SEARCH_USER_PATHS = NO;
				CLANG_ANALYZER_NONNULL = YES;
				CLANG_ANALYZER_NUMBER_OBJECT_CONVERSION = YES_AGGRESSIVE;
				CLANG_CXX_LANGUAGE_STANDARD = "gnu++20";
				CLANG_ENABLE_MODULES = YES;
				CLANG_ENABLE_OBJC_ARC = YES;
				CLANG_ENABLE_OBJC_WEAK = YES;
				CLANG_WARN_BLOCK_CAPTURE_AUTORELEASING = YES;
				CLANG_WARN_BOOL_CONVERSION = YES;
				CLANG_WARN_COMMA = YES;
				CLANG_WARN_CONSTANT_CONVERSION = YES;
				CLANG_WARN_DEPRECATED_OBJC_IMPLEMENTATIONS = YES;
				CLANG_WARN_DIRECT_OBJC_ISA_USAGE = YES_ERROR;
				CLANG_WARN_DOCUMENTATION_COMMENTS = YES;
				CLANG_WARN_EMPTY_BODY = YES;
				CLANG_WARN_ENUM_CONVERSION = YES;
				CLANG_WARN_INFINITE_RECURSION = YES;
				CLANG_WARN_INT_CONVERSION = YES;
				CLANG_WARN_NON_LITERAL_NULL_CONVERSION = YES;
				CLANG_WARN_OBJC_IMPLICIT_RETAIN_SELF = YES;
				CLANG_WARN_OBJC_LITERAL_CONVERSION = YES;
				CLANG_WARN_OBJC_ROOT_CLASS = YES_ERROR;
				CLANG_WARN_QUOTED_INCLUDE_IN_FRAMEWORK_HEADER = YES;
				CLANG_WARN_RANGE_LOOP_ANALYSIS = YES;
				CLANG_WARN_STRICT_PROTOTYPES = YES;
				CLANG_WARN_SUSPICIOUS_MOVE = YES;
				CLANG_WARN_UNGUARDED_AVAILABILITY = YES_AGGRESSIVE;
				CLANG_WARN_UNREACHABLE_CODE = YES;
				CLANG_WARN__DUPLICATE_METHOD_MATCH = YES;
				COPY_PHASE_STRIP = NO;
				DEBUG_INFORMATION_FORMAT = dwarf;
				ENABLE_STRICT_OBJC_MSGSEND = YES;
				ENABLE_TESTABILITY = YES;
				GCC_C_LANGUAGE_STANDARD = gnu11;
				GCC_DYNAMIC_NO_PIC = NO;
				GCC_NO_COMMON_BLOCKS = YES;
				GCC_OPTIMIZATION_LEVEL = 0;
				GCC_PREPROCESSOR_DEFINITIONS = (
					"DEBUG=1",
					"$(inherited)",
				);
				GCC_WARN_64_TO_32_BIT_CONVERSION = YES;
				GCC_WARN_ABOUT_RETURN_TYPE = YES_ERROR;
				GCC_WARN_UNDECLARED_SELECTOR = YES;
				GCC_WARN_UNINITIALIZED_AUTOS = YES_AGGRESSIVE;
				GCC_WARN_UNUSED_FUNCTION = YES;
				GCC_WARN_UNUSED_VARIABLE = YES;
				IPHONEOS_DEPLOYMENT_TARGET = 16.4;
				MTL_ENABLE_DEBUG_INFO = INCLUDE_SOURCE;
				MTL_FAST_MATH = YES;
				ONLY_ACTIVE_ARCH = YES;
				SDKROOT = iphoneos;
				SWIFT_ACTIVE_COMPILATION_CONDITIONS = DEBUG;
				SWIFT_OPTIMIZATION_LEVEL = "-Onone";
			};
			name = Debug;
		};
		BCDCBC2329EE67B9002B88A9 /* Release */ = {
			isa = XCBuildConfiguration;
			buildSettings = {
				ALWAYS_SEARCH_USER_PATHS = NO;
				CLANG_ANALYZER_NONNULL = YES;
				CLANG_ANALYZER_NUMBER_OBJECT_CONVERSION = YES_AGGRESSIVE;
				CLANG_CXX_LANGUAGE_STANDARD = "gnu++20";
				CLANG_ENABLE_MODULES = YES;
				CLANG_ENABLE_OBJC_ARC = YES;
				CLANG_ENABLE_OBJC_WEAK = YES;
				CLANG_WARN_BLOCK_CAPTURE_AUTORELEASING = YES;
				CLANG_WARN_BOOL_CONVERSION = YES;
				CLANG_WARN_COMMA = YES;
				CLANG_WARN_CONSTANT_CONVERSION = YES;
				CLANG_WARN_DEPRECATED_OBJC_IMPLEMENTATIONS = YES;
				CLANG_WARN_DIRECT_OBJC_ISA_USAGE = YES_ERROR;
				CLANG_WARN_DOCUMENTATION_COMMENTS = YES;
				CLANG_WARN_EMPTY_BODY = YES;
				CLANG_WARN_ENUM_CONVERSION = YES;
				CLANG_WARN_INFINITE_RECURSION = YES;
				CLANG_WARN_INT_CONVERSION = YES;
				CLANG_WARN_NON_LITERAL_NULL_CONVERSION = YES;
				CLANG_WARN_OBJC_IMPLICIT_RETAIN_SELF = YES;
				CLANG_WARN_OBJC_LITERAL_CONVERSION = YES;
				CLANG_WARN_OBJC_ROOT_CLASS = YES_ERROR;
				CLANG_WARN_QUOTED_INCLUDE_IN_FRAMEWORK_HEADER = YES;
				CLANG_WARN_RANGE_LOOP_ANALYSIS = YES;
				CLANG_WARN_STRICT_PROTOTYPES = YES;
				CLANG_WARN_SUSPICIOUS_MOVE = YES;
				CLANG_WARN_UNGUARDED_AVAILABILITY = YES_AGGRESSIVE;
				CLANG_WARN_UNREACHABLE_CODE = YES;
				CLANG_WARN__DUPLICATE_METHOD_MATCH = YES;
				COPY_PHASE_STRIP = NO;
				DEBUG_INFORMATION_FORMAT = "dwarf-with-dsym";
				ENABLE_NS_ASSERTIONS = NO;
				ENABLE_STRICT_OBJC_MSGSEND = YES;
				GCC_C_LANGUAGE_STANDARD = gnu11;
				GCC_NO_COMMON_BLOCKS = YES;
				GCC_WARN_64_TO_32_BIT_CONVERSION = YES;
				GCC_WARN_ABOUT_RETURN_TYPE = YES_ERROR;
				GCC_WARN_UNDECLARED_SELECTOR = YES;
				GCC_WARN_UNINITIALIZED_AUTOS = YES_AGGRESSIVE;
				GCC_WARN_UNUSED_FUNCTION = YES;
				GCC_WARN_UNUSED_VARIABLE = YES;
				IPHONEOS_DEPLOYMENT_TARGET = 16.4;
				MTL_ENABLE_DEBUG_INFO = NO;
				MTL_FAST_MATH = YES;
				SDKROOT = iphoneos;
				SWIFT_COMPILATION_MODE = wholemodule;
				SWIFT_OPTIMIZATION_LEVEL = "-O";
				VALIDATE_PRODUCT = YES;
			};
			name = Release;
		};
		BCDCBC2529EE67B9002B88A9 /* Debug */ = {
			isa = XCBuildConfiguration;
			buildSettings = {
				ASSETCATALOG_COMPILER_APPICON_NAME = AppIcon;
				ASSETCATALOG_COMPILER_GLOBAL_ACCENT_COLOR_NAME = AccentColor;
				CODE_SIGN_STYLE = Automatic;
				CURRENT_PROJECT_VERSION = 1;
				DEVELOPMENT_TEAM = 936RSQH3P5;
				GENERATE_INFOPLIST_FILE = YES;
				INFOPLIST_FILE = APPsRankingTableView/Info.plist;
				INFOPLIST_KEY_UIApplicationSupportsIndirectInputEvents = YES;
				INFOPLIST_KEY_UILaunchStoryboardName = LaunchScreen;
				INFOPLIST_KEY_UIMainStoryboardFile = Main;
				INFOPLIST_KEY_UISupportedInterfaceOrientations_iPad = "UIInterfaceOrientationPortrait UIInterfaceOrientationPortraitUpsideDown UIInterfaceOrientationLandscapeLeft UIInterfaceOrientationLandscapeRight";
				INFOPLIST_KEY_UISupportedInterfaceOrientations_iPhone = "UIInterfaceOrientationPortrait UIInterfaceOrientationLandscapeLeft UIInterfaceOrientationLandscapeRight";
				LD_RUNPATH_SEARCH_PATHS = (
					"$(inherited)",
					"@executable_path/Frameworks",
				);
				MARKETING_VERSION = 1.0;
				PRODUCT_BUNDLE_IDENTIFIER = ChengWenLee.APPsRankingTableView;
				PRODUCT_NAME = "$(TARGET_NAME)";
				SWIFT_EMIT_LOC_STRINGS = YES;
				SWIFT_VERSION = 5.0;
				TARGETED_DEVICE_FAMILY = "1,2";
			};
			name = Debug;
		};
		BCDCBC2629EE67B9002B88A9 /* Release */ = {
			isa = XCBuildConfiguration;
			buildSettings = {
				ASSETCATALOG_COMPILER_APPICON_NAME = AppIcon;
				ASSETCATALOG_COMPILER_GLOBAL_ACCENT_COLOR_NAME = AccentColor;
				CODE_SIGN_STYLE = Automatic;
				CURRENT_PROJECT_VERSION = 1;
				DEVELOPMENT_TEAM = 936RSQH3P5;
				GENERATE_INFOPLIST_FILE = YES;
				INFOPLIST_FILE = APPsRankingTableView/Info.plist;
				INFOPLIST_KEY_UIApplicationSupportsIndirectInputEvents = YES;
				INFOPLIST_KEY_UILaunchStoryboardName = LaunchScreen;
				INFOPLIST_KEY_UIMainStoryboardFile = Main;
				INFOPLIST_KEY_UISupportedInterfaceOrientations_iPad = "UIInterfaceOrientationPortrait UIInterfaceOrientationPortraitUpsideDown UIInterfaceOrientationLandscapeLeft UIInterfaceOrientationLandscapeRight";
				INFOPLIST_KEY_UISupportedInterfaceOrientations_iPhone = "UIInterfaceOrientationPortrait UIInterfaceOrientationLandscapeLeft UIInterfaceOrientationLandscapeRight";
				LD_RUNPATH_SEARCH_PATHS = (
					"$(inherited)",
					"@executable_path/Frameworks",
				);
				MARKETING_VERSION = 1.0;
				PRODUCT_BUNDLE_IDENTIFIER = ChengWenLee.APPsRankingTableView;
				PRODUCT_NAME = "$(TARGET_NAME)";
				SWIFT_EMIT_LOC_STRINGS = YES;
				SWIFT_VERSION = 5.0;
				TARGETED_DEVICE_FAMILY = "1,2";
			};
			name = Release;
		};
/* End XCBuildConfiguration section */

/* Begin XCConfigurationList section */
		BCDCBC0B29EE67B7002B88A9 /* Build configuration list for PBXProject "APPsRankingTableView" */ = {
			isa = XCConfigurationList;
			buildConfigurations = (
				BCDCBC2229EE67B9002B88A9 /* Debug */,
				BCDCBC2329EE67B9002B88A9 /* Release */,
			);
			defaultConfigurationIsVisible = 0;
			defaultConfigurationName = Release;
		};
		BCDCBC2429EE67B9002B88A9 /* Build configuration list for PBXNativeTarget "APPsRankingTableView" */ = {
			isa = XCConfigurationList;
			buildConfigurations = (
				BCDCBC2529EE67B9002B88A9 /* Debug */,
				BCDCBC2629EE67B9002B88A9 /* Release */,
			);
			defaultConfigurationIsVisible = 0;
			defaultConfigurationName = Release;
		};
/* End XCConfigurationList section */

/* Begin XCRemoteSwiftPackageReference section */
		BCDCBC2D29EE81F6002B88A9 /* XCRemoteSwiftPackageReference "Kingfisher" */ = {
			isa = XCRemoteSwiftPackageReference;
			repositoryURL = "https://github.com/onevcat/Kingfisher";
			requirement = {
				kind = upToNextMajorVersion;
				minimumVersion = 7.0.0;
			};
		};
/* End XCRemoteSwiftPackageReference section */

/* Begin XCSwiftPackageProductDependency section */
		BCDCBC2E29EE81F6002B88A9 /* Kingfisher */ = {
			isa = XCSwiftPackageProductDependency;
			package = BCDCBC2D29EE81F6002B88A9 /* XCRemoteSwiftPackageReference "Kingfisher" */;
			productName = Kingfisher;
		};
/* End XCSwiftPackageProductDependency section */
	};
	rootObject = BCDCBC0829EE67B7002B88A9 /* Project object */;
}
